
Microsoft Visual Studio Solution File, Format Version 12.00
# Visual Studio Version 17
VisualStudioVersion = 17.6.33829.357
MinimumVisualStudioVersion = 10.0.40219.1
Project("{9A19103F-16F7-4668-BE54-9A1E7A4F7556}") = "misha_kris_finance_bot", "misha_kris_finance_bot.csproj", "{DA0F0814-A591-49BA-BC10-F92245182730}"
EndProject
Global
	GlobalSection(SolutionConfigurationPlatforms) = preSolution
		Debug|Any CPU = Debug|Any CPU
		Release|Any CPU = Release|Any CPU
	EndGlobalSection
	GlobalSection(ProjectConfigurationPlatforms) = postSolution
		{DA0F0814-A591-49BA-BC10-F92245182730}.Debug|Any CPU.ActiveCfg = Debug|Any CPU
		{DA0F0814-A591-49BA-BC10-F92245182730}.Debug|Any CPU.Build.0 = Debug|Any CPU
		{DA0F0814-A591-49BA-BC10-F92245182730}.Release|Any CPU.ActiveCfg = Release|Any CPU
		{DA0F0814-A591-49BA-BC10-F92245182730}.Release|Any CPU.Build.0 = Release|Any CPU
	EndGlobalSection
	GlobalSection(SolutionProperties) = preSolution
		HideSolutionNode = FALSE
	EndGlobalSection
	GlobalSection(ExtensibilityGlobals) = postSolution
		SolutionGuid = {7A45EB2B-3DEB-409C-8093-E6A50A62C951}
	EndGlobalSection
EndGlobal
